PODS:
  - CYPtools (0.2):
    - SVProgressHUD
  - SVProgressHUD (2.2.2)

DEPENDENCIES:
  - CYPtools (from `../`)
  - SVProgressHUD

EXTERNAL SOURCES:
  CYPtools:
    :path: ../

SPEC CHECKSUMS:
  CYPtools: 3bc9df3b64219bdac6e36e2064b708d1a92e0a92
  SVProgressHUD: 59b2d3dabacbd051576d21d32293ca7228dc18b0

PODFILE CHECKSUM: 1ac720c265c452786702064a6be2c2c50afc4878

COCOAPODS: 1.4.0.beta.1
