PODS:
  - CYPtools (0.2):
    - SVProgressHUD
  - SVProgressHUD (2.2.2)

DEPENDENCIES:
  - CYPtools (from `../`)

EXTERNAL SOURCES:
  CYPtools:
    :path: ../

SPEC CHECKSUMS:
  CYPtools: 09fa1015f8cf35d9721fac6f65e521084f5eb075
  SVProgressHUD: 59b2d3dabacbd051576d21d32293ca7228dc18b0

PODFILE CHECKSUM: cb2b1a31a650916216af24fc42d2eb79c11ab404

COCOAPODS: 1.4.0.beta.1
